
Microsoft Visual Studio Solution File, Format Version 12.00
# Visual Studio Version 16
VisualStudioVersion = 16.0.31105.61
MinimumVisualStudioVersion = 10.0.40219.1
Project("{FAE04EC0-301F-11D3-BF4B-00C04F79EFBC}") = "Laboratorio1", "Laboratorio1\Laboratorio1.csproj", "{59407C23-75D7-4E33-B27A-84255AB3F63E}"
EndProject
Global
	GlobalSection(SolutionConfigurationPlatforms) = preSolution
		Debug|Any CPU = Debug|Any CPU
		Release|Any CPU = Release|Any CPU
	EndGlobalSection
	GlobalSection(ProjectConfigurationPlatforms) = postSolution
		{59407C23-75D7-4E33-B27A-84255AB3F63E}.Debug|Any CPU.ActiveCfg = Debug|Any CPU
		{59407C23-75D7-4E33-B27A-84255AB3F63E}.Debug|Any CPU.Build.0 = Debug|Any CPU
		{59407C23-75D7-4E33-B27A-84255AB3F63E}.Release|Any CPU.ActiveCfg = Release|Any CPU
		{59407C23-75D7-4E33-B27A-84255AB3F63E}.Release|Any CPU.Build.0 = Release|Any CPU
	EndGlobalSection
	GlobalSection(SolutionProperties) = preSolution
		HideSolutionNode = FALSE
	EndGlobalSection
	GlobalSection(ExtensibilityGlobals) = postSolution
		SolutionGuid = {E2254D64-94A0-4249-B3C0-4667739A1CFE}
	EndGlobalSection
EndGlobal
